
Microsoft Visual Studio Solution File, Format Version 12.00
# Visual Studio 15
VisualStudioVersion = 15.0.26730.12
MinimumVisualStudioVersion = 10.0.40219.1
Project("{9A19103F-16F7-4668-BE54-9A1E7A4F7556}") = "CognitiveServicesDemo", "CognitiveServicesDemo\CognitiveServicesDemo.csproj", "{1FBDFD56-1F1F-4B61-B0CF-C2B38EED73F9}"
EndProject
Global
	GlobalSection(SolutionConfigurationPlatforms) = preSolution
		Debug|Any CPU = Debug|Any CPU
		Release|Any CPU = Release|Any CPU
	EndGlobalSection
	GlobalSection(ProjectConfigurationPlatforms) = postSolution
		{1FBDFD56-1F1F-4B61-B0CF-C2B38EED73F9}.Debug|Any CPU.ActiveCfg = Debug|Any CPU
		{1FBDFD56-1F1F-4B61-B0CF-C2B38EED73F9}.Debug|Any CPU.Build.0 = Debug|Any CPU
		{1FBDFD56-1F1F-4B61-B0CF-C2B38EED73F9}.Release|Any CPU.ActiveCfg = Release|Any CPU
		{1FBDFD56-1F1F-4B61-B0CF-C2B38EED73F9}.Release|Any CPU.Build.0 = Release|Any CPU
	EndGlobalSection
	GlobalSection(SolutionProperties) = preSolution
		HideSolutionNode = FALSE
	EndGlobalSection
	GlobalSection(ExtensibilityGlobals) = postSolution
		SolutionGuid = {5CA6A85A-12F8-47C2-AE9C-F8BF8F958031}
	EndGlobalSection
EndGlobal
